{
  "name": "my-portfolio",
  "version": "1.0.0",
  "lockfileVersion": 3,
  "requires": true,
  "packages": {
    "": {
      "name": "my-portfolio",
      "version": "1.0.0",
      "license": "ISC",
      "dependencies": {
        "@builder.io/partytown": "^0.10.2"
      }
    },
    "node_modules/@builder.io/partytown": {
      "version": "0.10.2",
      "resolved": "https://registry.npmjs.org/@builder.io/partytown/-/partytown-0.10.2.tgz",
      "integrity": "sha512-A9U+4PREWcS+CCYzKGIPovtGB/PBgnH/8oQyCE6Nr9drDJk6cMPpLQIEajpGPmG9tYF7N3FkRvhXm/AS9+0iKg==",
      "bin": {
        "partytown": "bin/partytown.cjs"
      },
      "engines": {
        "node": ">=18.0.0"
      }
    }
  }
}
